Microsoft Visual Studio Solution File, Format Version 12.00
# Visual Studio Version 17
VisualStudioVersion = 17.5.2.0
MinimumVisualStudioVersion = 10.0.40219.1
Project("{FAE04EC0-301F-11D3-BF4B-00C04F79EFBC}") = "bowling", "bowling.csproj", "{DF3A47F6-C752-02F0-5445-BBC232E796A8}"
EndProject
Global
	GlobalSection(SolutionConfigurationPlatforms) = preSolution
		Debug|Any CPU = Debug|Any CPU
		Release|Any CPU = Release|Any CPU
	EndGlobalSection
	GlobalSection(ProjectConfigurationPlatforms) = postSolution
		{DF3A47F6-C752-02F0-5445-BBC232E796A8}.Debug|Any CPU.ActiveCfg = Debug|Any CPU
		{DF3A47F6-C752-02F0-5445-BBC232E796A8}.Debug|Any CPU.Build.0 = Debug|Any CPU
		{DF3A47F6-C752-02F0-5445-BBC232E796A8}.Release|Any CPU.ActiveCfg = Release|Any CPU
		{DF3A47F6-C752-02F0-5445-BBC232E796A8}.Release|Any CPU.Build.0 = Release|Any CPU
	EndGlobalSection
	GlobalSection(SolutionProperties) = preSolution
		HideSolutionNode = FALSE
	EndGlobalSection
	GlobalSection(ExtensibilityGlobals) = postSolution
		SolutionGuid = {B9A80A70-A5DE-4A06-88C1-5A9A717B1C6B}
	EndGlobalSection
EndGlobal
